
Microsoft Visual Studio Solution File, Format Version 12.00
# Visual Studio 15
VisualStudioVersion = 15.0.28010.2003
MinimumVisualStudioVersion = 10.0.40219.1
Project("{FAE04EC0-301F-11D3-BF4B-00C04F79EFBC}") = "Tugas1 - Wordpad", "Tugas1 - Wordpad\Tugas1 - Wordpad.csproj", "{2E0A0CBA-FB8F-41ED-BCBF-9E802D1B59EE}"
EndProject
Global
	GlobalSection(SolutionConfigurationPlatforms) = preSolution
		Debug|Any CPU = Debug|Any CPU
		Release|Any CPU = Release|Any CPU
	EndGlobalSection
	GlobalSection(ProjectConfigurationPlatforms) = postSolution
		{2E0A0CBA-FB8F-41ED-BCBF-9E802D1B59EE}.Debug|Any CPU.ActiveCfg = Debug|Any CPU
		{2E0A0CBA-FB8F-41ED-BCBF-9E802D1B59EE}.Debug|Any CPU.Build.0 = Debug|Any CPU
		{2E0A0CBA-FB8F-41ED-BCBF-9E802D1B59EE}.Release|Any CPU.ActiveCfg = Release|Any CPU
		{2E0A0CBA-FB8F-41ED-BCBF-9E802D1B59EE}.Release|Any CPU.Build.0 = Release|Any CPU
	EndGlobalSection
	GlobalSection(SolutionProperties) = preSolution
		HideSolutionNode = FALSE
	EndGlobalSection
	GlobalSection(ExtensibilityGlobals) = postSolution
		SolutionGuid = {EA9ECAFA-F4F9-4387-A3AE-94B3CFA06FFF}
	EndGlobalSection
EndGlobal
